
Microsoft Visual Studio Solution File, Format Version 12.00
# Visual Studio 15
VisualStudioVersion = 15.0.27703.2026
MinimumVisualStudioVersion = 10.0.40219.1
Project("{151D2E53-A2C4-4D7D-83FE-D05416EBD58E}") = "AzureResourceGroup1", "AzureResourceGroup1\AzureResourceGroup1.deployproj", "{3C00A300-D0EB-45D6-8585-4C13B4C43E04}"
EndProject
Global
	GlobalSection(SolutionConfigurationPlatforms) = preSolution
		Debug|Any CPU = Debug|Any CPU
		Release|Any CPU = Release|Any CPU
	EndGlobalSection
	GlobalSection(ProjectConfigurationPlatforms) = postSolution
		{3C00A300-D0EB-45D6-8585-4C13B4C43E04}.Debug|Any CPU.ActiveCfg = Debug|Any CPU
		{3C00A300-D0EB-45D6-8585-4C13B4C43E04}.Debug|Any CPU.Build.0 = Debug|Any CPU
		{3C00A300-D0EB-45D6-8585-4C13B4C43E04}.Release|Any CPU.ActiveCfg = Release|Any CPU
		{3C00A300-D0EB-45D6-8585-4C13B4C43E04}.Release|Any CPU.Build.0 = Release|Any CPU
	EndGlobalSection
	GlobalSection(SolutionProperties) = preSolution
		HideSolutionNode = FALSE
	EndGlobalSection
	GlobalSection(ExtensibilityGlobals) = postSolution
		SolutionGuid = {4E3EC33C-2B1A-4AE4-ACD8-18FC5DB651E3}
	EndGlobalSection
EndGlobal
